PODS:
  - Masonry (1.0.1)
  - QRScanner (0.1.1):
    - Masonry (~> 1.0.1)
    - Reachability (~> 3.2)
    - ZBarSDK (~> 1.3.1)
  - Reachability (3.2)
  - ZBarSDK (1.3.1)

DEPENDENCIES:
  - QRScanner (from `../`)

EXTERNAL SOURCES:
  QRScanner:
    :path: "../"

SPEC CHECKSUMS:
  Masonry: a1a931a0d08870ed8ae415a2ea5ea68ebcac77df
  QRScanner: 49c41482663674f81e976396a131635e959a2f86
  Reachability: 33e18b67625424e47b6cde6d202dce689ad7af96
  ZBarSDK: 4c1b5daeb7d6cc67dc9355e690af0230a661f6ec

PODFILE CHECKSUM: b8f374a2081f016c795048490e9d29e7665fe7fe

COCOAPODS: 1.0.1
